
Microsoft Visual Studio Solution File, Format Version 12.00
# Visual Studio Version 17
VisualStudioVersion = 17.11.35327.3
MinimumVisualStudioVersion = 10.0.40219.1
Project("{FAE04EC0-301F-11D3-BF4B-00C04F79EFBC}") = "BiampNexiaDsp", "BiampNexiaDsp\BiampNexiaDsp.csproj", "{44F9A4B7-54F3-40AA-BEAF-DCC985B6CDE2}"
EndProject
Project("{FAE04EC0-301F-11D3-BF4B-00C04F79EFBC}") = "QscDsp", "QscDsp\QscDsp.csproj", "{82C9B392-D6AF-4BCA-A5BB-C90AE678F9CA}"
EndProject
Global
	GlobalSection(SolutionConfigurationPlatforms) = preSolution
		Debug|Any CPU = Debug|Any CPU
		Release|Any CPU = Release|Any CPU
	EndGlobalSection
	GlobalSection(ProjectConfigurationPlatforms) = postSolution
		{44F9A4B7-54F3-40AA-BEAF-DCC985B6CDE2}.Debug|Any CPU.ActiveCfg = Debug|Any CPU
		{44F9A4B7-54F3-40AA-BEAF-DCC985B6CDE2}.Debug|Any CPU.Build.0 = Debug|Any CPU
		{44F9A4B7-54F3-40AA-BEAF-DCC985B6CDE2}.Release|Any CPU.ActiveCfg = Release|Any CPU
		{44F9A4B7-54F3-40AA-BEAF-DCC985B6CDE2}.Release|Any CPU.Build.0 = Release|Any CPU
		{82C9B392-D6AF-4BCA-A5BB-C90AE678F9CA}.Debug|Any CPU.ActiveCfg = Debug|Any CPU
		{82C9B392-D6AF-4BCA-A5BB-C90AE678F9CA}.Debug|Any CPU.Build.0 = Debug|Any CPU
		{82C9B392-D6AF-4BCA-A5BB-C90AE678F9CA}.Release|Any CPU.ActiveCfg = Release|Any CPU
		{82C9B392-D6AF-4BCA-A5BB-C90AE678F9CA}.Release|Any CPU.Build.0 = Release|Any CPU
	EndGlobalSection
	GlobalSection(SolutionProperties) = preSolution
		HideSolutionNode = FALSE
	EndGlobalSection
	GlobalSection(ExtensibilityGlobals) = postSolution
		SolutionGuid = {0A42FDB9-1B17-43BD-AF02-22365FE2031D}
	EndGlobalSection
EndGlobal
