
Microsoft Visual Studio Solution File, Format Version 12.00
# Visual Studio Version 17
VisualStudioVersion = 17.11.35327.3
MinimumVisualStudioVersion = 10.0.40219.1
Project("{FAE04EC0-301F-11D3-BF4B-00C04F79EFBC}") = "CrComLibUi", "CrComLibUi\CrComLibUi.csproj", "{58A93242-A7B0-4CDA-83EE-B4B8289DA860}"
EndProject
Global
	GlobalSection(SolutionConfigurationPlatforms) = preSolution
		Debug|Any CPU = Debug|Any CPU
		Release|Any CPU = Release|Any CPU
	EndGlobalSection
	GlobalSection(ProjectConfigurationPlatforms) = postSolution
		{58A93242-A7B0-4CDA-83EE-B4B8289DA860}.Debug|Any CPU.ActiveCfg = Debug|Any CPU
		{58A93242-A7B0-4CDA-83EE-B4B8289DA860}.Debug|Any CPU.Build.0 = Debug|Any CPU
		{58A93242-A7B0-4CDA-83EE-B4B8289DA860}.Release|Any CPU.ActiveCfg = Release|Any CPU
		{58A93242-A7B0-4CDA-83EE-B4B8289DA860}.Release|Any CPU.Build.0 = Release|Any CPU
	EndGlobalSection
	GlobalSection(SolutionProperties) = preSolution
		HideSolutionNode = FALSE
	EndGlobalSection
	GlobalSection(ExtensibilityGlobals) = postSolution
		SolutionGuid = {7900FB81-3D03-41AE-922F-4CE3E865C7DB}
	EndGlobalSection
EndGlobal
