
Microsoft Visual Studio Solution File, Format Version 12.00
# Visual Studio Version 17
VisualStudioVersion = 17.11.35327.3
MinimumVisualStudioVersion = 10.0.40219.1
Project("{FAE04EC0-301F-11D3-BF4B-00C04F79EFBC}") = "AvProEdgeAvSwitch", "AvProEdgeAvSwitch\AvProEdgeAvSwitch.csproj", "{F8142DC5-4999-46B5-B883-0280D6EBA093}"
EndProject
Project("{FAE04EC0-301F-11D3-BF4B-00C04F79EFBC}") = "AvSwitchEmulator", "AvSwitchEmulator\AvSwitchEmulator.csproj", "{AAF71E4A-FF72-48B4-8921-4919987D9666}"
EndProject
Project("{FAE04EC0-301F-11D3-BF4B-00C04F79EFBC}") = "BroadataAvSwitch", "BroadataAvSwitch\BroadataAvSwitch.csproj", "{D930BFFC-B94D-4F08-A334-F011B826B1C3}"
EndProject
Project("{FAE04EC0-301F-11D3-BF4B-00C04F79EFBC}") = "KramerAvSwitch", "KramerAvSwitch\KramerAvSwitch.csproj", "{3834325D-A9E9-42C7-9D01-E7748A10A5F3}"
EndProject
Project("{FAE04EC0-301F-11D3-BF4B-00C04F79EFBC}") = "NvxAvSwitch", "NvxAvSwitch\NvxAvSwitch.csproj", "{0BCD9C1D-BB07-4D1F-87AC-8C76D7E31356}"
EndProject
Global
	GlobalSection(SolutionConfigurationPlatforms) = preSolution
		Debug|Any CPU = Debug|Any CPU
		Release|Any CPU = Release|Any CPU
	EndGlobalSection
	GlobalSection(ProjectConfigurationPlatforms) = postSolution
		{F8142DC5-4999-46B5-B883-0280D6EBA093}.Debug|Any CPU.ActiveCfg = Debug|Any CPU
		{F8142DC5-4999-46B5-B883-0280D6EBA093}.Debug|Any CPU.Build.0 = Debug|Any CPU
		{F8142DC5-4999-46B5-B883-0280D6EBA093}.Release|Any CPU.ActiveCfg = Release|Any CPU
		{F8142DC5-4999-46B5-B883-0280D6EBA093}.Release|Any CPU.Build.0 = Release|Any CPU
		{AAF71E4A-FF72-48B4-8921-4919987D9666}.Debug|Any CPU.ActiveCfg = Debug|Any CPU
		{AAF71E4A-FF72-48B4-8921-4919987D9666}.Debug|Any CPU.Build.0 = Debug|Any CPU
		{AAF71E4A-FF72-48B4-8921-4919987D9666}.Release|Any CPU.ActiveCfg = Release|Any CPU
		{AAF71E4A-FF72-48B4-8921-4919987D9666}.Release|Any CPU.Build.0 = Release|Any CPU
		{D930BFFC-B94D-4F08-A334-F011B826B1C3}.Debug|Any CPU.ActiveCfg = Debug|Any CPU
		{D930BFFC-B94D-4F08-A334-F011B826B1C3}.Debug|Any CPU.Build.0 = Debug|Any CPU
		{D930BFFC-B94D-4F08-A334-F011B826B1C3}.Release|Any CPU.ActiveCfg = Release|Any CPU
		{D930BFFC-B94D-4F08-A334-F011B826B1C3}.Release|Any CPU.Build.0 = Release|Any CPU
		{3834325D-A9E9-42C7-9D01-E7748A10A5F3}.Debug|Any CPU.ActiveCfg = Debug|Any CPU
		{3834325D-A9E9-42C7-9D01-E7748A10A5F3}.Debug|Any CPU.Build.0 = Debug|Any CPU
		{3834325D-A9E9-42C7-9D01-E7748A10A5F3}.Release|Any CPU.ActiveCfg = Release|Any CPU
		{3834325D-A9E9-42C7-9D01-E7748A10A5F3}.Release|Any CPU.Build.0 = Release|Any CPU
		{0BCD9C1D-BB07-4D1F-87AC-8C76D7E31356}.Debug|Any CPU.ActiveCfg = Debug|Any CPU
		{0BCD9C1D-BB07-4D1F-87AC-8C76D7E31356}.Debug|Any CPU.Build.0 = Debug|Any CPU
		{0BCD9C1D-BB07-4D1F-87AC-8C76D7E31356}.Release|Any CPU.ActiveCfg = Release|Any CPU
		{0BCD9C1D-BB07-4D1F-87AC-8C76D7E31356}.Release|Any CPU.Build.0 = Release|Any CPU
	EndGlobalSection
	GlobalSection(SolutionProperties) = preSolution
		HideSolutionNode = FALSE
	EndGlobalSection
	GlobalSection(ExtensibilityGlobals) = postSolution
		SolutionGuid = {E6DBDF69-B5FD-4C50-8926-72010390618B}
	EndGlobalSection
EndGlobal
