
Microsoft Visual Studio Solution File, Format Version 12.00
Project("{FAE04EC0-301F-11D3-BF4B-00C04F79EFBC}") = "AvSwitchEmulator", "AvSwitchEmulator\AvSwitchEmulator.csproj", "{2DF18340-EFE0-48CF-9A53-CD0AD3E26FFE}"
EndProject
Project("{FAE04EC0-301F-11D3-BF4B-00C04F79EFBC}") = "AvProEdgeAvSwitch", "AvProEdgeAvSwitch\AvProEdgeAvSwitch.csproj", "{105B29FD-2478-4908-ACAA-99F5C63ECF31}"
EndProject
Project("{FAE04EC0-301F-11D3-BF4B-00C04F79EFBC}") = "BroadataAvSwitch", "BroadataAvSwitch\BroadataAvSwitch.csproj", "{6330A056-A4B0-447F-85E4-CD0CE123BC88}"
EndProject
Project("{FAE04EC0-301F-11D3-BF4B-00C04F79EFBC}") = "KramerAvSwitch", "KramerAvSwitch\KramerAvSwitch.csproj", "{08E1FBFF-9874-4905-8871-51EF43FD30B9}"
EndProject
Project("{FAE04EC0-301F-11D3-BF4B-00C04F79EFBC}") = "NvxAvSwitch", "NvxAvSwitch\NvxAvSwitch.csproj", "{B2A9F328-236D-4D48-BDFA-B1961BFF15C7}"
EndProject
Project("{FAE04EC0-301F-11D3-BF4B-00C04F79EFBC}") = "CarboniteAvrs", "CarboniteAvrs\CarboniteAvrs.csproj", "{5449949C-092C-49F8-8F03-8BB1303422C2}"
EndProject
Project("{FAE04EC0-301F-11D3-BF4B-00C04F79EFBC}") = "AvSwitchTesting", "AvSwitchTesting\AvSwitchTesting.csproj", "{A2694703-F94F-4BEC-93A7-49E4498BDC64}"
EndProject
Global
	GlobalSection(SolutionConfigurationPlatforms) = preSolution
		Debug|Any CPU = Debug|Any CPU
		Release|Any CPU = Release|Any CPU
	EndGlobalSection
	GlobalSection(ProjectConfigurationPlatforms) = postSolution
		{2DF18340-EFE0-48CF-9A53-CD0AD3E26FFE}.Debug|Any CPU.ActiveCfg = Debug|Any CPU
		{2DF18340-EFE0-48CF-9A53-CD0AD3E26FFE}.Debug|Any CPU.Build.0 = Debug|Any CPU
		{2DF18340-EFE0-48CF-9A53-CD0AD3E26FFE}.Release|Any CPU.ActiveCfg = Release|Any CPU
		{2DF18340-EFE0-48CF-9A53-CD0AD3E26FFE}.Release|Any CPU.Build.0 = Release|Any CPU
		{105B29FD-2478-4908-ACAA-99F5C63ECF31}.Debug|Any CPU.ActiveCfg = Debug|Any CPU
		{105B29FD-2478-4908-ACAA-99F5C63ECF31}.Debug|Any CPU.Build.0 = Debug|Any CPU
		{105B29FD-2478-4908-ACAA-99F5C63ECF31}.Release|Any CPU.ActiveCfg = Release|Any CPU
		{105B29FD-2478-4908-ACAA-99F5C63ECF31}.Release|Any CPU.Build.0 = Release|Any CPU
		{6330A056-A4B0-447F-85E4-CD0CE123BC88}.Debug|Any CPU.ActiveCfg = Debug|Any CPU
		{6330A056-A4B0-447F-85E4-CD0CE123BC88}.Debug|Any CPU.Build.0 = Debug|Any CPU
		{6330A056-A4B0-447F-85E4-CD0CE123BC88}.Release|Any CPU.ActiveCfg = Release|Any CPU
		{6330A056-A4B0-447F-85E4-CD0CE123BC88}.Release|Any CPU.Build.0 = Release|Any CPU
		{08E1FBFF-9874-4905-8871-51EF43FD30B9}.Debug|Any CPU.ActiveCfg = Debug|Any CPU
		{08E1FBFF-9874-4905-8871-51EF43FD30B9}.Debug|Any CPU.Build.0 = Debug|Any CPU
		{08E1FBFF-9874-4905-8871-51EF43FD30B9}.Release|Any CPU.ActiveCfg = Release|Any CPU
		{08E1FBFF-9874-4905-8871-51EF43FD30B9}.Release|Any CPU.Build.0 = Release|Any CPU
		{B2A9F328-236D-4D48-BDFA-B1961BFF15C7}.Debug|Any CPU.ActiveCfg = Debug|Any CPU
		{B2A9F328-236D-4D48-BDFA-B1961BFF15C7}.Debug|Any CPU.Build.0 = Debug|Any CPU
		{B2A9F328-236D-4D48-BDFA-B1961BFF15C7}.Release|Any CPU.ActiveCfg = Release|Any CPU
		{B2A9F328-236D-4D48-BDFA-B1961BFF15C7}.Release|Any CPU.Build.0 = Release|Any CPU
		{5449949C-092C-49F8-8F03-8BB1303422C2}.Debug|Any CPU.ActiveCfg = Debug|Any CPU
		{5449949C-092C-49F8-8F03-8BB1303422C2}.Debug|Any CPU.Build.0 = Debug|Any CPU
		{5449949C-092C-49F8-8F03-8BB1303422C2}.Release|Any CPU.ActiveCfg = Release|Any CPU
		{5449949C-092C-49F8-8F03-8BB1303422C2}.Release|Any CPU.Build.0 = Release|Any CPU
		{A2694703-F94F-4BEC-93A7-49E4498BDC64}.Debug|Any CPU.ActiveCfg = Debug|Any CPU
		{A2694703-F94F-4BEC-93A7-49E4498BDC64}.Debug|Any CPU.Build.0 = Debug|Any CPU
		{A2694703-F94F-4BEC-93A7-49E4498BDC64}.Release|Any CPU.ActiveCfg = Release|Any CPU
		{A2694703-F94F-4BEC-93A7-49E4498BDC64}.Release|Any CPU.Build.0 = Release|Any CPU
	EndGlobalSection
EndGlobal
